{
  "version": 4,
  "terraform_version": "1.14.0",
  "serial": 7,
  "lineage": "4bb0fbf7-48ed-b11f-4fca-15f0edaecd7f",
  "outputs": {
    "s3_bucket_arn": {
      "value": "arn:aws:s3:::30days-of-aws-terraform-pravin-v",
      "type": "string"
    },
    "s3_bucket_name": {
      "value": "30days-of-aws-terraform-pravin-v",
      "type": "string"
    },
    "vpc_id": {
      "value": "vpc-088237cef8293c579",
      "type": "string"
    }
  },
  "resources": [
    {
      "mode": "managed",
      "type": "aws_s3_bucket",
      "name": "my-terraform-bucket",
      "provider": "provider[\"registry.terraform.io/hashicorp/aws\"]",
      "instances": [
        {
          "schema_version": 0,
          "attributes": {
            "acceleration_status": "",
            "acl": null,
            "arn": "arn:aws:s3:::30days-of-aws-terraform-pravin-v",
            "bucket": "30days-of-aws-terraform-pravin-v",
            "bucket_domain_name": "30days-of-aws-terraform-pravin-v.s3.amazonaws.com",
            "bucket_prefix": "",
            "bucket_region": "us-east-1",
            "bucket_regional_domain_name": "30days-of-aws-terraform-pravin-v.s3.us-east-1.amazonaws.com",
            "cors_rule": [],
            "force_destroy": false,
            "grant": [
              {
                "id": "e4bb4e4d594059ad923b4dede57f345a0d1f62de373455ae98eea4a05def1bce",
                "permissions": [
                  "FULL_CONTROL"
                ],
                "type": "CanonicalUser",
                "uri": ""
              }
            ],
            "hosted_zone_id": "Z3AQBSTGFYJSTF",
            "id": "30days-of-aws-terraform-pravin-v",
            "lifecycle_rule": [],
            "logging": [],
            "object_lock_configuration": [],
            "object_lock_enabled": false,
            "policy": "",
            "region": "us-east-1",
            "replication_configuration": [],
            "request_payer": "BucketOwner",
            "server_side_encryption_configuration": [
              {
                "rule": [
                  {
                    "apply_server_side_encryption_by_default": [
                      {
                        "kms_master_key_id": "",
                        "sse_algorithm": "AES256"
                      }
                    ],
                    "bucket_key_enabled": false
                  }
                ]
              }
            ],
            "tags": {
              "Environment": "Dev",
              "Name": "Terraform Bucket",
              "vpc": "vpc-088237cef8293c579"
            },
            "tags_all": {
              "Environment": "Dev",
              "Name": "Terraform Bucket",
              "vpc": "vpc-088237cef8293c579"
            },
            "timeouts": null,
            "versioning": [
              {
                "enabled": false,
                "mfa_delete": false
              }
            ],
            "website": [],
            "website_domain": null,
            "website_endpoint": null
          },
          "sensitive_attributes": [],
          "identity_schema_version": 0,
          "identity": {
            "account_id": "717626256849",
            "bucket": "30days-of-aws-terraform-pravin-v",
            "region": "us-east-1"
          },
          "private": "eyJlMmJmYjczMC1lY2FhLTExZTYtOGY4OC0zNDM2M2JjN2M0YzAiOnsiY3JlYXRlIjoxMjAwMDAwMDAwMDAwLCJkZWxldGUiOjM2MDAwMDAwMDAwMDAsInJlYWQiOjEyMDAwMDAwMDAwMDAsInVwZGF0ZSI6MTIwMDAwMDAwMDAwMH19",
          "dependencies": [
            "aws_vpc.terraform-vpc"
          ]
        }
      ]
    },
    {
      "mode": "managed",
      "type": "aws_vpc",
      "name": "terraform-vpc",
      "provider": "provider[\"registry.terraform.io/hashicorp/aws\"]",
      "instances": [
        {
          "schema_version": 1,
          "attributes": {
            "arn": "arn:aws:ec2:us-east-1:717626256849:vpc/vpc-088237cef8293c579",
            "assign_generated_ipv6_cidr_block": false,
            "cidr_block": "10.0.0.0/16",
            "default_network_acl_id": "acl-079b6426c0a950d4d",
            "default_route_table_id": "rtb-045ee031732d82656",
            "default_security_group_id": "sg-0dbe49a20ace08cd0",
            "dhcp_options_id": "dopt-010d08ef2749db146",
            "enable_dns_hostnames": false,
            "enable_dns_support": true,
            "enable_network_address_usage_metrics": false,
            "id": "vpc-088237cef8293c579",
            "instance_tenancy": "default",
            "ipv4_ipam_pool_id": null,
            "ipv4_netmask_length": null,
            "ipv6_association_id": "",
            "ipv6_cidr_block": "",
            "ipv6_cidr_block_network_border_group": "",
            "ipv6_ipam_pool_id": "",
            "ipv6_netmask_length": 0,
            "main_route_table_id": "rtb-045ee031732d82656",
            "owner_id": "717626256849",
            "region": "us-east-1",
            "tags": {
              "Environment": "Dev",
              "Name": "terraform-vpc"
            },
            "tags_all": {
              "Environment": "Dev",
              "Name": "terraform-vpc"
            }
          },
          "sensitive_attributes": [],
          "identity_schema_version": 0,
          "identity": {
            "account_id": "717626256849",
            "id": "vpc-088237cef8293c579",
            "region": "us-east-1"
          },
          "private": "eyJzY2hlbWFfdmVyc2lvbiI6IjEifQ=="
        }
      ]
    }
  ],
  "check_results": null
}
